<?xml version="1.0" encoding="utf-8"?>
<Project ToolsVersion="4.0" xmlns="http://schemas.microsoft.com/developer/msbuild/2003">
  <ItemGroup>
    <ClCompile Include="Source\Time\StepTimer.cpp" />
    <ClCompile Include="Source\Time\Clock.cpp" />
    <ClCompile Include="Source\Time\Clock.ixx" />
    <ClCompile Include="Source\Time\DateTime.cpp" />
    <ClCompile Include="Source\Time\DateTime.ixx" />
    <ClCompile Include="Source\Time\StepTimer.ixx" />
    <ClCompile Include="Source\Time\Timer.cpp" />
    <ClCompile Include="Source\Time\Timer.ixx" />
    <ClCompile Include="Source\App\Windows\MainWindows.cpp" />
    <ClCompile Include="Source\App\Windows\AppWindows.ixx" />
    <ClCompile Include="Source\App\Windows\CrtDebugLogWindows.ixx" />
    <ClCompile Include="Source\App\Windows\MutexWindows.ixx" />
    <ClCompile Include="Source\App\Windows\WindowsApi.ixx" />
    <ClCompile Include="Source\App\App.ixx" />
    <ClCompile Include="Source\App\AppConfiguration.ixx" />
    <ClCompile Include="Source\App\AppNotification.ixx" />
    <ClCompile Include="Source\Factory\SystemFactory.ixx" />
    <ClCompile Include="Source\Factory\SystemFactoryWindows.ixx" />
    <ClCompile Include="Source\Resource\ResourceManager.ixx" />
    <ClCompile Include="Source\Resource\ResourceStorage.ixx" />
    <ClCompile Include="Source\Input\Windows\InputWindows.ixx" />
    <ClCompile Include="Source\Input\Windows\KeyboardWindows.ixx" />
    <ClCompile Include="Source\Input\Windows\MouseWindows.ixx" />
    <ClCompile Include="Source\Input\Input.ixx" />
    <ClCompile Include="Source\Input\InputState.ixx" />
    <ClCompile Include="Source\Input\Keyboard.ixx" />
    <ClCompile Include="Source\Input\KeyboardKey.ixx" />
    <ClCompile Include="Source\Input\Mouse.ixx" />
    <ClCompile Include="Source\Input\MouseButton.ixx" />
    <ClCompile Include="Source\System\File.ixx" />
    <ClCompile Include="Source\System\Log.ixx" />
    <ClCompile Include="Source\Video\DeviceStateNotification.ixx" />
    <ClCompile Include="Source\Video\Video.ixx" />
    <ClCompile Include="Source\Video\VideoConfiguration.ixx" />
    <ClCompile Include="Source\Video\VideoSystem.ixx" />
    <ClCompile Include="Source\App\EntryPoint.ixx" />
    <ClCompile Include="Source\Game.ixx" />
    <ClCompile Include="Source\Video\Render\Direct3D12\VideoDirect3D12.ixx" />
    <ClCompile Include="Source\Video\Color\Color.ixx" />
    <ClCompile Include="Source\Video\Color\ColorPalette.ixx" />
    <ClCompile Include="Source\System\Log.cpp" />
    <ClCompile Include="Source\System\File.cpp" />
    <ClCompile Include="Source\Video\Color\Color.cpp" />
    <ClCompile Include="Source\Input\Windows\KeyboardWindows.cpp" />
    <ClCompile Include="Source\Input\Windows\MouseWindows.cpp" />
    <ClCompile Include="Source\Input\Windows\InputWindows.cpp" />
    <ClCompile Include="Source\App\Windows\CrtDebugLogWindows.cpp" />
    <ClCompile Include="Source\App\Windows\WindowsApi.cpp" />
    <ClCompile Include="Source\App\Windows\MutexWindows.cpp" />
    <ClCompile Include="Source\App\Windows\AppWindows.cpp" />
    <ClCompile Include="Source\Factory\SystemFactoryWindows.cpp" />
    <ClCompile Include="Source\Video\Render\Direct3D12\VideoDirect3D12.cpp" />
  </ItemGroup>
  <ItemGroup>
    <Text Include="TODO.txt" />
    <Text Include="License\DirectX-Headers.txt" />
    <Text Include="License\DirectXMath.txt" />
    <Text Include="License\DirectXTK12.txt" />
  </ItemGroup>
  <ItemGroup>
    <ClInclude Include="Source\App\Windows\WindowsCompact.h" />
    <ClInclude Include="Source\Input\Windows\DirectXTK12Keyboard.h" />
    <ClInclude Include="Source\Input\Windows\DirectXTK12Mouse.h" />
    <ClInclude Include="Source\Video\Render\Direct3D12\DirectX12.h" />
  </ItemGroup>
</Project>