<?xml version="1.0" encoding="utf-8"?>
<Project ToolsVersion="4.0" xmlns="http://schemas.microsoft.com/developer/msbuild/2003">
  <ItemGroup>
    <Text Include="License\DirectXTK.txt" />
    <Text Include="License\DirectXMath.txt" />
    <Text Include="TODO.txt" />
  </ItemGroup>
  <ItemGroup>
    <ClCompile Include="Source\Time\DateTime.ixx" />
    <ClCompile Include="Source\Time\DateTime.cpp" />
    <ClCompile Include="Source\Time\Clock.ixx" />
    <ClCompile Include="Source\Time\Clock.cpp" />
    <ClCompile Include="Source\Log\Log.ixx" />
    <ClCompile Include="Source\Log\FileLogger.ixx" />
    <ClCompile Include="Source\Log\FileLogger.cpp" />
    <ClCompile Include="Source\Log\LogNotify.ixx" />
    <ClCompile Include="Source\Video\Color\Color.ixx" />
    <ClCompile Include="Source\Video\Color\Color.cpp" />
    <ClCompile Include="Source\Video\Color\ColorPalette.ixx" />
    <ClCompile Include="Source\Video\Video.ixx" />
    <ClCompile Include="Source\Video\VideoConfiguration.ixx" />
    <ClCompile Include="Source\Video\VideoSystem.ixx" />
    <ClCompile Include="Source\Video\DeviceNotify.ixx" />
    <ClCompile Include="Source\Time\Timer.ixx" />
    <ClCompile Include="Source\Time\Timer.cpp" />
    <ClCompile Include="Source\Stream\File.ixx" />
    <ClCompile Include="Source\Stream\File.cpp" />
    <ClCompile Include="Source\Input\Input.ixx" />
    <ClCompile Include="Source\Input\InputState.ixx" />
    <ClCompile Include="Source\Input\Keyboard.ixx" />
    <ClCompile Include="Source\Input\KeyboardKey.ixx" />
    <ClCompile Include="Source\Input\Mouse.ixx" />
    <ClCompile Include="Source\Input\MouseButton.ixx" />
    <ClCompile Include="Source\Input\Windows\WindowsInput.cpp" />
    <ClCompile Include="Source\Input\Windows\WindowsInput.ixx" />
    <ClCompile Include="Source\Input\Windows\WindowsKeyboard.cpp" />
    <ClCompile Include="Source\Input\Windows\WindowsKeyboard.ixx" />
    <ClCompile Include="Source\Input\Windows\WindowsMouse.cpp" />
    <ClCompile Include="Source\Input\Windows\WindowsMouse.ixx" />
    <ClCompile Include="Source\App\EntryPoint.ixx" />
    <ClCompile Include="Source\App\Windows\WindowsApi.ixx" />
    <ClCompile Include="Source\App\AppConfiguration.ixx" />
    <ClCompile Include="Source\App\Windows\WindowsApi.cpp" />
    <ClCompile Include="Source\App\Windows\WindowsMain.cpp" />
    <ClCompile Include="Source\App\Windows\CrtDebug.ixx" />
    <ClCompile Include="Source\App\Windows\CrtDebug.cpp" />
    <ClCompile Include="Source\App\Windows\WindowsMutex.ixx" />
    <ClCompile Include="Source\App\Windows\WindowsMutex.cpp" />
    <ClCompile Include="Source\App\Windows\WindowsApp.ixx" />
    <ClCompile Include="Source\App\AppNotify.ixx" />
    <ClCompile Include="Source\App\App.ixx" />
    <ClCompile Include="Source\App\Windows\WindowsApp.cpp" />
    <ClCompile Include="Source\Video\DisplayNotify.ixx" />
    <ClCompile Include="Source\Video\Render\Direct3D11\Direct3D11Video.ixx" />
    <ClCompile Include="Source\Video\Render\Direct3D11\Direct3D11Video.cpp" />
    <ClCompile Include="Source\Game\Game.ixx" />
    <ClCompile Include="Source\Game\Game.cpp" />
    <ClCompile Include="Source\Time\StepTimer.ixx" />
    <ClCompile Include="Source\Video\Render\Direct3D\Direct3DVideo.ixx" />
    <ClCompile Include="Source\Video\VideoNotify.ixx" />
    <ClCompile Include="Source\Video\Render\Direct3D\Direct3DDisplayEvent.ixx" />
    <ClCompile Include="Source\Video\Render\Direct3D\Direct3DDisplayEvent.cpp" />
    <ClCompile Include="Source\Factory\SystemFactory.ixx" />
    <ClCompile Include="Source\Factory\Windows\WindowsSystemFactory.ixx" />
    <ClCompile Include="Source\Factory\Windows\WindowsSystemFactory.cpp" />
    <ClCompile Include="Source\Game\GameNotify.ixx" />
    <ClCompile Include="Source\Time\StepTimer.cpp" />
    <ClCompile Include="Source\Time\StepTimerNotify.ixx" />
  </ItemGroup>
  <ItemGroup>
    <ClInclude Include="Source\App\Windows\WindowsCompact.h" />
    <ClInclude Include="Source\Video\Render\Direct3D11\Direct3D11.h" />
    <ClInclude Include="Source\Input\Windows\DirectXTKKeyboard.h" />
    <ClInclude Include="Source\Input\Windows\DirectXTKMouse.h" />
    <ClInclude Include="Source\App\Windows\CrtDebug.h" />
  </ItemGroup>
  <ItemGroup>
    <FxCompile Include="Shader\VertexShader.hlsl" />
    <FxCompile Include="Shader\PixelShader.hlsl" />
  </ItemGroup>
</Project>